
Microsoft Visual Studio Solution File, Format Version 12.00
# Visual Studio Version 17
VisualStudioVersion = 17.0.31903.59
MinimumVisualStudioVersion = 10.0.40219.1
Project("{2150E333-8FDC-42A3-9474-1A3956D46DE8}") = "src", "src", "{827E0CD3-B72D-47B6-A68D-7590B98EB39B}"
EndProject
Project("{2150E333-8FDC-42A3-9474-1A3956D46DE8}") = "BuildingBlocks", "BuildingBlocks", "{90298CBA-BD6F-3A0A-69D5-97CAD7B05E7E}"
EndProject
Project("{FAE04EC0-301F-11D3-BF4B-00C04F79EFBC}") = "Paqueteria.Application", "src\BuildingBlocks\Paqueteria.Application\Paqueteria.Application.csproj", "{11F68E63-D9C9-4001-B180-731BDD4B613E}"
EndProject
Project("{FAE04EC0-301F-11D3-BF4B-00C04F79EFBC}") = "Paqueteria.Contracts", "src\BuildingBlocks\Paqueteria.Contracts\Paqueteria.Contracts.csproj", "{71F5604C-6257-4DCC-9E07-2BE3ABC8B007}"
EndProject
Project("{FAE04EC0-301F-11D3-BF4B-00C04F79EFBC}") = "Paqueteria.Domain", "src\BuildingBlocks\Paqueteria.Domain\Paqueteria.Domain.csproj", "{4B1A4E96-1C14-4E6D-BD99-58410C701C3A}"
EndProject
Project("{FAE04EC0-301F-11D3-BF4B-00C04F79EFBC}") = "Paqueteria.Infrastructure", "src\BuildingBlocks\Paqueteria.Infrastructure\Paqueteria.Infrastructure.csproj", "{75D9ECF7-11F3-48CE-A52A-A04F06BACCB8}"
EndProject
Project("{2150E333-8FDC-42A3-9474-1A3956D46DE8}") = "Modules", "Modules", "{EC447DCF-ABFA-6E24-52A5-D7FD48A5C558}"
EndProject
Project("{2150E333-8FDC-42A3-9474-1A3956D46DE8}") = "Orders", "Orders", "{CFD98C11-0354-2BE4-4011-BD6AEF12219D}"
EndProject
Project("{FAE04EC0-301F-11D3-BF4B-00C04F79EFBC}") = "Orders.Application", "src\Modules\Orders\Orders.Application\Orders.Application.csproj", "{979BF542-0BEA-4342-872A-1F4F12DCD6F5}"
EndProject
Project("{FAE04EC0-301F-11D3-BF4B-00C04F79EFBC}") = "Orders.Domain", "src\Modules\Orders\Orders.Domain\Orders.Domain.csproj", "{9F91C00A-E7F5-4B7D-8D48-05AE1EA12D93}"
EndProject
Project("{FAE04EC0-301F-11D3-BF4B-00C04F79EFBC}") = "Orders.Endpoints", "src\Modules\Orders\Orders.Endpoints\Orders.Endpoints.csproj", "{EDF146D7-883E-45FB-80C4-061CA111D1F0}"
EndProject
Project("{FAE04EC0-301F-11D3-BF4B-00C04F79EFBC}") = "Orders.Infrastructure", "src\Modules\Orders\Orders.Infrastructure\Orders.Infrastructure.csproj", "{B17E483F-293B-4C8C-913D-915CB8DE9D88}"
EndProject
Project("{FAE04EC0-301F-11D3-BF4B-00C04F79EFBC}") = "Paqueteria.Api", "src\Paqueteria.Api\Paqueteria.Api.csproj", "{CB95B312-8246-4B28-898A-C5FA1870A2AA}"
EndProject
Project("{FAE04EC0-301F-11D3-BF4B-00C04F79EFBC}") = "Paqueteria.Worker", "src\Paqueteria.Worker\Paqueteria.Worker.csproj", "{4C6DBA3F-7A48-483A-B631-7F1EB74774BB}"
EndProject
Project("{2150E333-8FDC-42A3-9474-1A3956D46DE8}") = "tests", "tests", "{0AB3BF05-4346-4AA6-1389-037BE0695223}"
EndProject
Project("{FAE04EC0-301F-11D3-BF4B-00C04F79EFBC}") = "Paqueteria.ArchitectureTests", "tests\Paqueteria.ArchitectureTests\Paqueteria.ArchitectureTests.csproj", "{9AA3ACB1-05B3-4C4D-AE02-6477E58BAE77}"
EndProject
Project("{FAE04EC0-301F-11D3-BF4B-00C04F79EFBC}") = "Paqueteria.ContractTests", "tests\Paqueteria.ContractTests\Paqueteria.ContractTests.csproj", "{96DD945C-FA36-401B-BEE8-59A7C3BA2CAB}"
EndProject
Project("{FAE04EC0-301F-11D3-BF4B-00C04F79EFBC}") = "Paqueteria.EndToEndTests", "tests\Paqueteria.EndToEndTests\Paqueteria.EndToEndTests.csproj", "{C9A9B201-1A0E-42B5-BE2A-DA4898E22D3C}"
EndProject
Project("{FAE04EC0-301F-11D3-BF4B-00C04F79EFBC}") = "Paqueteria.IntegrationTests", "tests\Paqueteria.IntegrationTests\Paqueteria.IntegrationTests.csproj", "{823315CD-180E-489B-AE68-5B71BB902A6F}"
EndProject
Project("{FAE04EC0-301F-11D3-BF4B-00C04F79EFBC}") = "Paqueteria.UnitTests", "tests\Paqueteria.UnitTests\Paqueteria.UnitTests.csproj", "{36FF2469-7E27-417B-A720-CEA06F4476BC}"
EndProject
Project("{2150E333-8FDC-42A3-9474-1A3956D46DE8}") = "Pricing", "Pricing", "{20CAB419-027F-A79A-EE9C-2AB83E88C722}"
EndProject
Project("{FAE04EC0-301F-11D3-BF4B-00C04F79EFBC}") = "Pricing.Domain", "src\Modules\Pricing\Pricing.Domain\Pricing.Domain.csproj", "{37758AE2-73C9-4B21-9C44-12EB2AF96805}"
EndProject
Project("{FAE04EC0-301F-11D3-BF4B-00C04F79EFBC}") = "Pricing.Application", "src\Modules\Pricing\Pricing.Application\Pricing.Application.csproj", "{8F6809C8-3BCC-4E06-B023-A1E72450EFD3}"
EndProject
Project("{FAE04EC0-301F-11D3-BF4B-00C04F79EFBC}") = "Pricing.Infrastructure", "src\Modules\Pricing\Pricing.Infrastructure\Pricing.Infrastructure.csproj", "{D6E444FB-2F61-4AC3-8ED3-1FD2B5AA7109}"
EndProject
Project("{FAE04EC0-301F-11D3-BF4B-00C04F79EFBC}") = "Pricing.Endpoints", "src\Modules\Pricing\Pricing.Endpoints\Pricing.Endpoints.csproj", "{A28DBE2F-329F-4C33-99B9-2661ECF72A05}"
EndProject
Project("{FAE04EC0-301F-11D3-BF4B-00C04F79EFBC}") = "Paqueteria.ArchitectureFixtures", "tests\Paqueteria.ArchitectureFixtures\Paqueteria.ArchitectureFixtures.csproj", "{73E29E2B-D565-49A9-8CF3-1DF9F45C1E5D}"
EndProject
Project("{2150E333-8FDC-42A3-9474-1A3956D46DE8}") = "Identity", "Identity", "{0EC62A1A-9858-3A60-8A0C-FC9AACFA2EC7}"
EndProject
Project("{FAE04EC0-301F-11D3-BF4B-00C04F79EFBC}") = "Identity.Domain", "src\Modules\Identity\Identity.Domain\Identity.Domain.csproj", "{D4558E96-4956-4581-B831-E0A2806C48FA}"
EndProject
Project("{FAE04EC0-301F-11D3-BF4B-00C04F79EFBC}") = "Identity.Application", "src\Modules\Identity\Identity.Application\Identity.Application.csproj", "{150DD101-2936-413B-B625-4FB51834D011}"
EndProject
Project("{FAE04EC0-301F-11D3-BF4B-00C04F79EFBC}") = "Identity.Infrastructure", "src\Modules\Identity\Identity.Infrastructure\Identity.Infrastructure.csproj", "{2E3EFC1E-FEA5-4125-8069-963967C94413}"
EndProject
Project("{FAE04EC0-301F-11D3-BF4B-00C04F79EFBC}") = "Identity.Endpoints", "src\Modules\Identity\Identity.Endpoints\Identity.Endpoints.csproj", "{163B55BF-4768-43B6-984C-A0760CA8C351}"
EndProject
Project("{2150E333-8FDC-42A3-9474-1A3956D46DE8}") = "tools", "tools", "{07C2787E-EAC7-C090-1BA3-A61EC2A24D84}"
EndProject
Project("{FAE04EC0-301F-11D3-BF4B-00C04F79EFBC}") = "Paqueteria.DatabaseMigrator", "tools\Paqueteria.DatabaseMigrator\Paqueteria.DatabaseMigrator.csproj", "{98F73A8F-3732-4D67-BF6C-90E692F1BED9}"
EndProject
Project("{2150E333-8FDC-42A3-9474-1A3956D46DE8}") = "Organizations", "Organizations", "{4916611A-F746-2FDD-0D37-783F1C8BAF79}"
EndProject
Project("{FAE04EC0-301F-11D3-BF4B-00C04F79EFBC}") = "Organizations.Domain", "src\Modules\Organizations\Organizations.Domain\Organizations.Domain.csproj", "{1FF6ED57-ECEA-40E5-84A5-463839F008B6}"
EndProject
Project("{FAE04EC0-301F-11D3-BF4B-00C04F79EFBC}") = "Organizations.Application", "src\Modules\Organizations\Organizations.Application\Organizations.Application.csproj", "{65D0ED28-0C45-4858-A7D5-C2C432728278}"
EndProject
Project("{FAE04EC0-301F-11D3-BF4B-00C04F79EFBC}") = "Organizations.Infrastructure", "src\Modules\Organizations\Organizations.Infrastructure\Organizations.Infrastructure.csproj", "{DB70C285-DD3C-4EED-AADB-396464748702}"
EndProject
Project("{FAE04EC0-301F-11D3-BF4B-00C04F79EFBC}") = "Organizations.Endpoints", "src\Modules\Organizations\Organizations.Endpoints\Organizations.Endpoints.csproj", "{771A2045-2F28-4BC5-92AC-F00918D1C392}"
EndProject
Project("{2150E333-8FDC-42A3-9474-1A3956D46DE8}") = "Locations", "Locations", "{CF4DACF7-C1E4-3966-D26D-5DCF436D9A5B}"
EndProject
Project("{FAE04EC0-301F-11D3-BF4B-00C04F79EFBC}") = "Locations.Domain", "src\Modules\Locations\Locations.Domain\Locations.Domain.csproj", "{05C8D2AC-00AB-4797-BBCB-0C55AA1D1937}"
EndProject
Project("{FAE04EC0-301F-11D3-BF4B-00C04F79EFBC}") = "Locations.Application", "src\Modules\Locations\Locations.Application\Locations.Application.csproj", "{7536BD4E-45EA-4E66-8360-642AF36AC67A}"
EndProject
Project("{FAE04EC0-301F-11D3-BF4B-00C04F79EFBC}") = "Locations.Infrastructure", "src\Modules\Locations\Locations.Infrastructure\Locations.Infrastructure.csproj", "{B5D12256-3594-4247-B604-151A6D973F59}"
EndProject
Project("{FAE04EC0-301F-11D3-BF4B-00C04F79EFBC}") = "Locations.Endpoints", "src\Modules\Locations\Locations.Endpoints\Locations.Endpoints.csproj", "{F30C5230-6281-41EC-AB43-DFB5935F7AD6}"
EndProject
Project("{2150E333-8FDC-42A3-9474-1A3956D46DE8}") = "Drivers", "Drivers", "{E3B5D438-D244-E97D-D3E7-96A6D02C3987}"
EndProject
Project("{FAE04EC0-301F-11D3-BF4B-00C04F79EFBC}") = "Drivers.Domain", "src\Modules\Drivers\Drivers.Domain\Drivers.Domain.csproj", "{409C7527-6A0E-435E-A6DB-CA0ACE1FFC0E}"
EndProject
Project("{FAE04EC0-301F-11D3-BF4B-00C04F79EFBC}") = "Drivers.Application", "src\Modules\Drivers\Drivers.Application\Drivers.Application.csproj", "{0DEF0D5C-39F5-4297-8EC5-103F7F237633}"
EndProject
Project("{FAE04EC0-301F-11D3-BF4B-00C04F79EFBC}") = "Drivers.Infrastructure", "src\Modules\Drivers\Drivers.Infrastructure\Drivers.Infrastructure.csproj", "{C5B3E617-4135-4BAE-945A-16CB797745C7}"
EndProject
Project("{FAE04EC0-301F-11D3-BF4B-00C04F79EFBC}") = "Drivers.Endpoints", "src\Modules\Drivers\Drivers.Endpoints\Drivers.Endpoints.csproj", "{BE73E14E-357E-4756-8B87-C686926B425C}"
EndProject
Global
	GlobalSection(SolutionConfigurationPlatforms) = preSolution
		Debug|Any CPU = Debug|Any CPU
		Debug|x64 = Debug|x64
		Debug|x86 = Debug|x86
		Release|Any CPU = Release|Any CPU
		Release|x64 = Release|x64
		Release|x86 = Release|x86
	EndGlobalSection
	GlobalSection(ProjectConfigurationPlatforms) = postSolution
		{11F68E63-D9C9-4001-B180-731BDD4B613E}.Debug|Any CPU.ActiveCfg = Debug|Any CPU
		{11F68E63-D9C9-4001-B180-731BDD4B613E}.Debug|Any CPU.Build.0 = Debug|Any CPU
		{11F68E63-D9C9-4001-B180-731BDD4B613E}.Debug|x64.ActiveCfg = Debug|Any CPU
		{11F68E63-D9C9-4001-B180-731BDD4B613E}.Debug|x64.Build.0 = Debug|Any CPU
		{11F68E63-D9C9-4001-B180-731BDD4B613E}.Debug|x86.ActiveCfg = Debug|Any CPU
		{11F68E63-D9C9-4001-B180-731BDD4B613E}.Debug|x86.Build.0 = Debug|Any CPU
		{11F68E63-D9C9-4001-B180-731BDD4B613E}.Release|Any CPU.ActiveCfg = Release|Any CPU
		{11F68E63-D9C9-4001-B180-731BDD4B613E}.Release|Any CPU.Build.0 = Release|Any CPU
		{11F68E63-D9C9-4001-B180-731BDD4B613E}.Release|x64.ActiveCfg = Release|Any CPU
		{11F68E63-D9C9-4001-B180-731BDD4B613E}.Release|x64.Build.0 = Release|Any CPU
		{11F68E63-D9C9-4001-B180-731BDD4B613E}.Release|x86.ActiveCfg = Release|Any CPU
		{11F68E63-D9C9-4001-B180-731BDD4B613E}.Release|x86.Build.0 = Release|Any CPU
		{71F5604C-6257-4DCC-9E07-2BE3ABC8B007}.Debug|Any CPU.ActiveCfg = Debug|Any CPU
		{71F5604C-6257-4DCC-9E07-2BE3ABC8B007}.Debug|Any CPU.Build.0 = Debug|Any CPU
		{71F5604C-6257-4DCC-9E07-2BE3ABC8B007}.Debug|x64.ActiveCfg = Debug|Any CPU
		{71F5604C-6257-4DCC-9E07-2BE3ABC8B007}.Debug|x64.Build.0 = Debug|Any CPU
		{71F5604C-6257-4DCC-9E07-2BE3ABC8B007}.Debug|x86.ActiveCfg = Debug|Any CPU
		{71F5604C-6257-4DCC-9E07-2BE3ABC8B007}.Debug|x86.Build.0 = Debug|Any CPU
		{71F5604C-6257-4DCC-9E07-2BE3ABC8B007}.Release|Any CPU.ActiveCfg = Release|Any CPU
		{71F5604C-6257-4DCC-9E07-2BE3ABC8B007}.Release|Any CPU.Build.0 = Release|Any CPU
		{71F5604C-6257-4DCC-9E07-2BE3ABC8B007}.Release|x64.ActiveCfg = Release|Any CPU
		{71F5604C-6257-4DCC-9E07-2BE3ABC8B007}.Release|x64.Build.0 = Release|Any CPU
		{71F5604C-6257-4DCC-9E07-2BE3ABC8B007}.Release|x86.ActiveCfg = Release|Any CPU
		{71F5604C-6257-4DCC-9E07-2BE3ABC8B007}.Release|x86.Build.0 = Release|Any CPU
		{4B1A4E96-1C14-4E6D-BD99-58410C701C3A}.Debug|Any CPU.ActiveCfg = Debug|Any CPU
		{4B1A4E96-1C14-4E6D-BD99-58410C701C3A}.Debug|Any CPU.Build.0 = Debug|Any CPU
		{4B1A4E96-1C14-4E6D-BD99-58410C701C3A}.Debug|x64.ActiveCfg = Debug|Any CPU
		{4B1A4E96-1C14-4E6D-BD99-58410C701C3A}.Debug|x64.Build.0 = Debug|Any CPU
		{4B1A4E96-1C14-4E6D-BD99-58410C701C3A}.Debug|x86.ActiveCfg = Debug|Any CPU
		{4B1A4E96-1C14-4E6D-BD99-58410C701C3A}.Debug|x86.Build.0 = Debug|Any CPU
		{4B1A4E96-1C14-4E6D-BD99-58410C701C3A}.Release|Any CPU.ActiveCfg = Release|Any CPU
		{4B1A4E96-1C14-4E6D-BD99-58410C701C3A}.Release|Any CPU.Build.0 = Release|Any CPU
		{4B1A4E96-1C14-4E6D-BD99-58410C701C3A}.Release|x64.ActiveCfg = Release|Any CPU
		{4B1A4E96-1C14-4E6D-BD99-58410C701C3A}.Release|x64.Build.0 = Release|Any CPU
		{4B1A4E96-1C14-4E6D-BD99-58410C701C3A}.Release|x86.ActiveCfg = Release|Any CPU
		{4B1A4E96-1C14-4E6D-BD99-58410C701C3A}.Release|x86.Build.0 = Release|Any CPU
		{75D9ECF7-11F3-48CE-A52A-A04F06BACCB8}.Debug|Any CPU.ActiveCfg = Debug|Any CPU
		{75D9ECF7-11F3-48CE-A52A-A04F06BACCB8}.Debug|Any CPU.Build.0 = Debug|Any CPU
		{75D9ECF7-11F3-48CE-A52A-A04F06BACCB8}.Debug|x64.ActiveCfg = Debug|Any CPU
		{75D9ECF7-11F3-48CE-A52A-A04F06BACCB8}.Debug|x64.Build.0 = Debug|Any CPU
		{75D9ECF7-11F3-48CE-A52A-A04F06BACCB8}.Debug|x86.ActiveCfg = Debug|Any CPU
		{75D9ECF7-11F3-48CE-A52A-A04F06BACCB8}.Debug|x86.Build.0 = Debug|Any CPU
		{75D9ECF7-11F3-48CE-A52A-A04F06BACCB8}.Release|Any CPU.ActiveCfg = Release|Any CPU
		{75D9ECF7-11F3-48CE-A52A-A04F06BACCB8}.Release|Any CPU.Build.0 = Release|Any CPU
		{75D9ECF7-11F3-48CE-A52A-A04F06BACCB8}.Release|x64.ActiveCfg = Release|Any CPU
		{75D9ECF7-11F3-48CE-A52A-A04F06BACCB8}.Release|x64.Build.0 = Release|Any CPU
		{75D9ECF7-11F3-48CE-A52A-A04F06BACCB8}.Release|x86.ActiveCfg = Release|Any CPU
		{75D9ECF7-11F3-48CE-A52A-A04F06BACCB8}.Release|x86.Build.0 = Release|Any CPU
		{979BF542-0BEA-4342-872A-1F4F12DCD6F5}.Debug|Any CPU.ActiveCfg = Debug|Any CPU
		{979BF542-0BEA-4342-872A-1F4F12DCD6F5}.Debug|Any CPU.Build.0 = Debug|Any CPU
		{979BF542-0BEA-4342-872A-1F4F12DCD6F5}.Debug|x64.ActiveCfg = Debug|Any CPU
		{979BF542-0BEA-4342-872A-1F4F12DCD6F5}.Debug|x64.Build.0 = Debug|Any CPU
		{979BF542-0BEA-4342-872A-1F4F12DCD6F5}.Debug|x86.ActiveCfg = Debug|Any CPU
		{979BF542-0BEA-4342-872A-1F4F12DCD6F5}.Debug|x86.Build.0 = Debug|Any CPU
		{979BF542-0BEA-4342-872A-1F4F12DCD6F5}.Release|Any CPU.ActiveCfg = Release|Any CPU
		{979BF542-0BEA-4342-872A-1F4F12DCD6F5}.Release|Any CPU.Build.0 = Release|Any CPU
		{979BF542-0BEA-4342-872A-1F4F12DCD6F5}.Release|x64.ActiveCfg = Release|Any CPU
		{979BF542-0BEA-4342-872A-1F4F12DCD6F5}.Release|x64.Build.0 = Release|Any CPU
		{979BF542-0BEA-4342-872A-1F4F12DCD6F5}.Release|x86.ActiveCfg = Release|Any CPU
		{979BF542-0BEA-4342-872A-1F4F12DCD6F5}.Release|x86.Build.0 = Release|Any CPU
		{9F91C00A-E7F5-4B7D-8D48-05AE1EA12D93}.Debug|Any CPU.ActiveCfg = Debug|Any CPU
		{9F91C00A-E7F5-4B7D-8D48-05AE1EA12D93}.Debug|Any CPU.Build.0 = Debug|Any CPU
		{9F91C00A-E7F5-4B7D-8D48-05AE1EA12D93}.Debug|x64.ActiveCfg = Debug|Any CPU
		{9F91C00A-E7F5-4B7D-8D48-05AE1EA12D93}.Debug|x64.Build.0 = Debug|Any CPU
		{9F91C00A-E7F5-4B7D-8D48-05AE1EA12D93}.Debug|x86.ActiveCfg = Debug|Any CPU
		{9F91C00A-E7F5-4B7D-8D48-05AE1EA12D93}.Debug|x86.Build.0 = Debug|Any CPU
		{9F91C00A-E7F5-4B7D-8D48-05AE1EA12D93}.Release|Any CPU.ActiveCfg = Release|Any CPU
		{9F91C00A-E7F5-4B7D-8D48-05AE1EA12D93}.Release|Any CPU.Build.0 = Release|Any CPU
		{9F91C00A-E7F5-4B7D-8D48-05AE1EA12D93}.Release|x64.ActiveCfg = Release|Any CPU
		{9F91C00A-E7F5-4B7D-8D48-05AE1EA12D93}.Release|x64.Build.0 = Release|Any CPU
		{9F91C00A-E7F5-4B7D-8D48-05AE1EA12D93}.Release|x86.ActiveCfg = Release|Any CPU
		{9F91C00A-E7F5-4B7D-8D48-05AE1EA12D93}.Release|x86.Build.0 = Release|Any CPU
		{EDF146D7-883E-45FB-80C4-061CA111D1F0}.Debug|Any CPU.ActiveCfg = Debug|Any CPU
		{EDF146D7-883E-45FB-80C4-061CA111D1F0}.Debug|Any CPU.Build.0 = Debug|Any CPU
		{EDF146D7-883E-45FB-80C4-061CA111D1F0}.Debug|x64.ActiveCfg = Debug|Any CPU
		{EDF146D7-883E-45FB-80C4-061CA111D1F0}.Debug|x64.Build.0 = Debug|Any CPU
		{EDF146D7-883E-45FB-80C4-061CA111D1F0}.Debug|x86.ActiveCfg = Debug|Any CPU
		{EDF146D7-883E-45FB-80C4-061CA111D1F0}.Debug|x86.Build.0 = Debug|Any CPU
		{EDF146D7-883E-45FB-80C4-061CA111D1F0}.Release|Any CPU.ActiveCfg = Release|Any CPU
		{EDF146D7-883E-45FB-80C4-061CA111D1F0}.Release|Any CPU.Build.0 = Release|Any CPU
		{EDF146D7-883E-45FB-80C4-061CA111D1F0}.Release|x64.ActiveCfg = Release|Any CPU
		{EDF146D7-883E-45FB-80C4-061CA111D1F0}.Release|x64.Build.0 = Release|Any CPU
		{EDF146D7-883E-45FB-80C4-061CA111D1F0}.Release|x86.ActiveCfg = Release|Any CPU
		{EDF146D7-883E-45FB-80C4-061CA111D1F0}.Release|x86.Build.0 = Release|Any CPU
		{B17E483F-293B-4C8C-913D-915CB8DE9D88}.Debug|Any CPU.ActiveCfg = Debug|Any CPU
		{B17E483F-293B-4C8C-913D-915CB8DE9D88}.Debug|Any CPU.Build.0 = Debug|Any CPU
		{B17E483F-293B-4C8C-913D-915CB8DE9D88}.Debug|x64.ActiveCfg = Debug|Any CPU
		{B17E483F-293B-4C8C-913D-915CB8DE9D88}.Debug|x64.Build.0 = Debug|Any CPU
		{B17E483F-293B-4C8C-913D-915CB8DE9D88}.Debug|x86.ActiveCfg = Debug|Any CPU
		{B17E483F-293B-4C8C-913D-915CB8DE9D88}.Debug|x86.Build.0 = Debug|Any CPU
		{B17E483F-293B-4C8C-913D-915CB8DE9D88}.Release|Any CPU.ActiveCfg = Release|Any CPU
		{B17E483F-293B-4C8C-913D-915CB8DE9D88}.Release|Any CPU.Build.0 = Release|Any CPU
		{B17E483F-293B-4C8C-913D-915CB8DE9D88}.Release|x64.ActiveCfg = Release|Any CPU
		{B17E483F-293B-4C8C-913D-915CB8DE9D88}.Release|x64.Build.0 = Release|Any CPU
		{B17E483F-293B-4C8C-913D-915CB8DE9D88}.Release|x86.ActiveCfg = Release|Any CPU
		{B17E483F-293B-4C8C-913D-915CB8DE9D88}.Release|x86.Build.0 = Release|Any CPU
		{CB95B312-8246-4B28-898A-C5FA1870A2AA}.Debug|Any CPU.ActiveCfg = Debug|Any CPU
		{CB95B312-8246-4B28-898A-C5FA1870A2AA}.Debug|Any CPU.Build.0 = Debug|Any CPU
		{CB95B312-8246-4B28-898A-C5FA1870A2AA}.Debug|x64.ActiveCfg = Debug|Any CPU
		{CB95B312-8246-4B28-898A-C5FA1870A2AA}.Debug|x64.Build.0 = Debug|Any CPU
		{CB95B312-8246-4B28-898A-C5FA1870A2AA}.Debug|x86.ActiveCfg = Debug|Any CPU
		{CB95B312-8246-4B28-898A-C5FA1870A2AA}.Debug|x86.Build.0 = Debug|Any CPU
		{CB95B312-8246-4B28-898A-C5FA1870A2AA}.Release|Any CPU.ActiveCfg = Release|Any CPU
		{CB95B312-8246-4B28-898A-C5FA1870A2AA}.Release|Any CPU.Build.0 = Release|Any CPU
		{CB95B312-8246-4B28-898A-C5FA1870A2AA}.Release|x64.ActiveCfg = Release|Any CPU
		{CB95B312-8246-4B28-898A-C5FA1870A2AA}.Release|x64.Build.0 = Release|Any CPU
		{CB95B312-8246-4B28-898A-C5FA1870A2AA}.Release|x86.ActiveCfg = Release|Any CPU
		{CB95B312-8246-4B28-898A-C5FA1870A2AA}.Release|x86.Build.0 = Release|Any CPU
		{4C6DBA3F-7A48-483A-B631-7F1EB74774BB}.Debug|Any CPU.ActiveCfg = Debug|Any CPU
		{4C6DBA3F-7A48-483A-B631-7F1EB74774BB}.Debug|Any CPU.Build.0 = Debug|Any CPU
		{4C6DBA3F-7A48-483A-B631-7F1EB74774BB}.Debug|x64.ActiveCfg = Debug|Any CPU
		{4C6DBA3F-7A48-483A-B631-7F1EB74774BB}.Debug|x64.Build.0 = Debug|Any CPU
		{4C6DBA3F-7A48-483A-B631-7F1EB74774BB}.Debug|x86.ActiveCfg = Debug|Any CPU
		{4C6DBA3F-7A48-483A-B631-7F1EB74774BB}.Debug|x86.Build.0 = Debug|Any CPU
		{4C6DBA3F-7A48-483A-B631-7F1EB74774BB}.Release|Any CPU.ActiveCfg = Release|Any CPU
		{4C6DBA3F-7A48-483A-B631-7F1EB74774BB}.Release|Any CPU.Build.0 = Release|Any CPU
		{4C6DBA3F-7A48-483A-B631-7F1EB74774BB}.Release|x64.ActiveCfg = Release|Any CPU
		{4C6DBA3F-7A48-483A-B631-7F1EB74774BB}.Release|x64.Build.0 = Release|Any CPU
		{4C6DBA3F-7A48-483A-B631-7F1EB74774BB}.Release|x86.ActiveCfg = Release|Any CPU
		{4C6DBA3F-7A48-483A-B631-7F1EB74774BB}.Release|x86.Build.0 = Release|Any CPU
		{9AA3ACB1-05B3-4C4D-AE02-6477E58BAE77}.Debug|Any CPU.ActiveCfg = Debug|Any CPU
		{9AA3ACB1-05B3-4C4D-AE02-6477E58BAE77}.Debug|Any CPU.Build.0 = Debug|Any CPU
		{9AA3ACB1-05B3-4C4D-AE02-6477E58BAE77}.Debug|x64.ActiveCfg = Debug|Any CPU
		{9AA3ACB1-05B3-4C4D-AE02-6477E58BAE77}.Debug|x64.Build.0 = Debug|Any CPU
		{9AA3ACB1-05B3-4C4D-AE02-6477E58BAE77}.Debug|x86.ActiveCfg = Debug|Any CPU
		{9AA3ACB1-05B3-4C4D-AE02-6477E58BAE77}.Debug|x86.Build.0 = Debug|Any CPU
		{9AA3ACB1-05B3-4C4D-AE02-6477E58BAE77}.Release|Any CPU.ActiveCfg = Release|Any CPU
		{9AA3ACB1-05B3-4C4D-AE02-6477E58BAE77}.Release|Any CPU.Build.0 = Release|Any CPU
		{9AA3ACB1-05B3-4C4D-AE02-6477E58BAE77}.Release|x64.ActiveCfg = Release|Any CPU
		{9AA3ACB1-05B3-4C4D-AE02-6477E58BAE77}.Release|x64.Build.0 = Release|Any CPU
		{9AA3ACB1-05B3-4C4D-AE02-6477E58BAE77}.Release|x86.ActiveCfg = Release|Any CPU
		{9AA3ACB1-05B3-4C4D-AE02-6477E58BAE77}.Release|x86.Build.0 = Release|Any CPU
		{96DD945C-FA36-401B-BEE8-59A7C3BA2CAB}.Debug|Any CPU.ActiveCfg = Debug|Any CPU
		{96DD945C-FA36-401B-BEE8-59A7C3BA2CAB}.Debug|Any CPU.Build.0 = Debug|Any CPU
		{96DD945C-FA36-401B-BEE8-59A7C3BA2CAB}.Debug|x64.ActiveCfg = Debug|Any CPU
		{96DD945C-FA36-401B-BEE8-59A7C3BA2CAB}.Debug|x64.Build.0 = Debug|Any CPU
		{96DD945C-FA36-401B-BEE8-59A7C3BA2CAB}.Debug|x86.ActiveCfg = Debug|Any CPU
		{96DD945C-FA36-401B-BEE8-59A7C3BA2CAB}.Debug|x86.Build.0 = Debug|Any CPU
		{96DD945C-FA36-401B-BEE8-59A7C3BA2CAB}.Release|Any CPU.ActiveCfg = Release|Any CPU
		{96DD945C-FA36-401B-BEE8-59A7C3BA2CAB}.Release|Any CPU.Build.0 = Release|Any CPU
		{96DD945C-FA36-401B-BEE8-59A7C3BA2CAB}.Release|x64.ActiveCfg = Release|Any CPU
		{96DD945C-FA36-401B-BEE8-59A7C3BA2CAB}.Release|x64.Build.0 = Release|Any CPU
		{96DD945C-FA36-401B-BEE8-59A7C3BA2CAB}.Release|x86.ActiveCfg = Release|Any CPU
		{96DD945C-FA36-401B-BEE8-59A7C3BA2CAB}.Release|x86.Build.0 = Release|Any CPU
		{C9A9B201-1A0E-42B5-BE2A-DA4898E22D3C}.Debug|Any CPU.ActiveCfg = Debug|Any CPU
		{C9A9B201-1A0E-42B5-BE2A-DA4898E22D3C}.Debug|Any CPU.Build.0 = Debug|Any CPU
		{C9A9B201-1A0E-42B5-BE2A-DA4898E22D3C}.Debug|x64.ActiveCfg = Debug|Any CPU
		{C9A9B201-1A0E-42B5-BE2A-DA4898E22D3C}.Debug|x64.Build.0 = Debug|Any CPU
		{C9A9B201-1A0E-42B5-BE2A-DA4898E22D3C}.Debug|x86.ActiveCfg = Debug|Any CPU
		{C9A9B201-1A0E-42B5-BE2A-DA4898E22D3C}.Debug|x86.Build.0 = Debug|Any CPU
		{C9A9B201-1A0E-42B5-BE2A-DA4898E22D3C}.Release|Any CPU.ActiveCfg = Release|Any CPU
		{C9A9B201-1A0E-42B5-BE2A-DA4898E22D3C}.Release|Any CPU.Build.0 = Release|Any CPU
		{C9A9B201-1A0E-42B5-BE2A-DA4898E22D3C}.Release|x64.ActiveCfg = Release|Any CPU
		{C9A9B201-1A0E-42B5-BE2A-DA4898E22D3C}.Release|x64.Build.0 = Release|Any CPU
		{C9A9B201-1A0E-42B5-BE2A-DA4898E22D3C}.Release|x86.ActiveCfg = Release|Any CPU
		{C9A9B201-1A0E-42B5-BE2A-DA4898E22D3C}.Release|x86.Build.0 = Release|Any CPU
		{823315CD-180E-489B-AE68-5B71BB902A6F}.Debug|Any CPU.ActiveCfg = Debug|Any CPU
		{823315CD-180E-489B-AE68-5B71BB902A6F}.Debug|Any CPU.Build.0 = Debug|Any CPU
		{823315CD-180E-489B-AE68-5B71BB902A6F}.Debug|x64.ActiveCfg = Debug|Any CPU
		{823315CD-180E-489B-AE68-5B71BB902A6F}.Debug|x64.Build.0 = Debug|Any CPU
		{823315CD-180E-489B-AE68-5B71BB902A6F}.Debug|x86.ActiveCfg = Debug|Any CPU
		{823315CD-180E-489B-AE68-5B71BB902A6F}.Debug|x86.Build.0 = Debug|Any CPU
		{823315CD-180E-489B-AE68-5B71BB902A6F}.Release|Any CPU.ActiveCfg = Release|Any CPU
		{823315CD-180E-489B-AE68-5B71BB902A6F}.Release|Any CPU.Build.0 = Release|Any CPU
		{823315CD-180E-489B-AE68-5B71BB902A6F}.Release|x64.ActiveCfg = Release|Any CPU
		{823315CD-180E-489B-AE68-5B71BB902A6F}.Release|x64.Build.0 = Release|Any CPU
		{823315CD-180E-489B-AE68-5B71BB902A6F}.Release|x86.ActiveCfg = Release|Any CPU
		{823315CD-180E-489B-AE68-5B71BB902A6F}.Release|x86.Build.0 = Release|Any CPU
		{36FF2469-7E27-417B-A720-CEA06F4476BC}.Debug|Any CPU.ActiveCfg = Debug|Any CPU
		{36FF2469-7E27-417B-A720-CEA06F4476BC}.Debug|Any CPU.Build.0 = Debug|Any CPU
		{36FF2469-7E27-417B-A720-CEA06F4476BC}.Debug|x64.ActiveCfg = Debug|Any CPU
		{36FF2469-7E27-417B-A720-CEA06F4476BC}.Debug|x64.Build.0 = Debug|Any CPU
		{36FF2469-7E27-417B-A720-CEA06F4476BC}.Debug|x86.ActiveCfg = Debug|Any CPU
		{36FF2469-7E27-417B-A720-CEA06F4476BC}.Debug|x86.Build.0 = Debug|Any CPU
		{36FF2469-7E27-417B-A720-CEA06F4476BC}.Release|Any CPU.ActiveCfg = Release|Any CPU
		{36FF2469-7E27-417B-A720-CEA06F4476BC}.Release|Any CPU.Build.0 = Release|Any CPU
		{36FF2469-7E27-417B-A720-CEA06F4476BC}.Release|x64.ActiveCfg = Release|Any CPU
		{36FF2469-7E27-417B-A720-CEA06F4476BC}.Release|x64.Build.0 = Release|Any CPU
		{36FF2469-7E27-417B-A720-CEA06F4476BC}.Release|x86.ActiveCfg = Release|Any CPU
		{36FF2469-7E27-417B-A720-CEA06F4476BC}.Release|x86.Build.0 = Release|Any CPU
		{37758AE2-73C9-4B21-9C44-12EB2AF96805}.Debug|Any CPU.ActiveCfg = Debug|Any CPU
		{37758AE2-73C9-4B21-9C44-12EB2AF96805}.Debug|Any CPU.Build.0 = Debug|Any CPU
		{37758AE2-73C9-4B21-9C44-12EB2AF96805}.Debug|x64.ActiveCfg = Debug|Any CPU
		{37758AE2-73C9-4B21-9C44-12EB2AF96805}.Debug|x64.Build.0 = Debug|Any CPU
		{37758AE2-73C9-4B21-9C44-12EB2AF96805}.Debug|x86.ActiveCfg = Debug|Any CPU
		{37758AE2-73C9-4B21-9C44-12EB2AF96805}.Debug|x86.Build.0 = Debug|Any CPU
		{37758AE2-73C9-4B21-9C44-12EB2AF96805}.Release|Any CPU.ActiveCfg = Release|Any CPU
		{37758AE2-73C9-4B21-9C44-12EB2AF96805}.Release|Any CPU.Build.0 = Release|Any CPU
		{37758AE2-73C9-4B21-9C44-12EB2AF96805}.Release|x64.ActiveCfg = Release|Any CPU
		{37758AE2-73C9-4B21-9C44-12EB2AF96805}.Release|x64.Build.0 = Release|Any CPU
		{37758AE2-73C9-4B21-9C44-12EB2AF96805}.Release|x86.ActiveCfg = Release|Any CPU
		{37758AE2-73C9-4B21-9C44-12EB2AF96805}.Release|x86.Build.0 = Release|Any CPU
		{8F6809C8-3BCC-4E06-B023-A1E72450EFD3}.Debug|Any CPU.ActiveCfg = Debug|Any CPU
		{8F6809C8-3BCC-4E06-B023-A1E72450EFD3}.Debug|Any CPU.Build.0 = Debug|Any CPU
		{8F6809C8-3BCC-4E06-B023-A1E72450EFD3}.Debug|x64.ActiveCfg = Debug|Any CPU
		{8F6809C8-3BCC-4E06-B023-A1E72450EFD3}.Debug|x64.Build.0 = Debug|Any CPU
		{8F6809C8-3BCC-4E06-B023-A1E72450EFD3}.Debug|x86.ActiveCfg = Debug|Any CPU
		{8F6809C8-3BCC-4E06-B023-A1E72450EFD3}.Debug|x86.Build.0 = Debug|Any CPU
		{8F6809C8-3BCC-4E06-B023-A1E72450EFD3}.Release|Any CPU.ActiveCfg = Release|Any CPU
		{8F6809C8-3BCC-4E06-B023-A1E72450EFD3}.Release|Any CPU.Build.0 = Release|Any CPU
		{8F6809C8-3BCC-4E06-B023-A1E72450EFD3}.Release|x64.ActiveCfg = Release|Any CPU
		{8F6809C8-3BCC-4E06-B023-A1E72450EFD3}.Release|x64.Build.0 = Release|Any CPU
		{8F6809C8-3BCC-4E06-B023-A1E72450EFD3}.Release|x86.ActiveCfg = Release|Any CPU
		{8F6809C8-3BCC-4E06-B023-A1E72450EFD3}.Release|x86.Build.0 = Release|Any CPU
		{D6E444FB-2F61-4AC3-8ED3-1FD2B5AA7109}.Debug|Any CPU.ActiveCfg = Debug|Any CPU
		{D6E444FB-2F61-4AC3-8ED3-1FD2B5AA7109}.Debug|Any CPU.Build.0 = Debug|Any CPU
		{D6E444FB-2F61-4AC3-8ED3-1FD2B5AA7109}.Debug|x64.ActiveCfg = Debug|Any CPU
		{D6E444FB-2F61-4AC3-8ED3-1FD2B5AA7109}.Debug|x64.Build.0 = Debug|Any CPU
		{D6E444FB-2F61-4AC3-8ED3-1FD2B5AA7109}.Debug|x86.ActiveCfg = Debug|Any CPU
		{D6E444FB-2F61-4AC3-8ED3-1FD2B5AA7109}.Debug|x86.Build.0 = Debug|Any CPU
		{D6E444FB-2F61-4AC3-8ED3-1FD2B5AA7109}.Release|Any CPU.ActiveCfg = Release|Any CPU
		{D6E444FB-2F61-4AC3-8ED3-1FD2B5AA7109}.Release|Any CPU.Build.0 = Release|Any CPU
		{D6E444FB-2F61-4AC3-8ED3-1FD2B5AA7109}.Release|x64.ActiveCfg = Release|Any CPU
		{D6E444FB-2F61-4AC3-8ED3-1FD2B5AA7109}.Release|x64.Build.0 = Release|Any CPU
		{D6E444FB-2F61-4AC3-8ED3-1FD2B5AA7109}.Release|x86.ActiveCfg = Release|Any CPU
		{D6E444FB-2F61-4AC3-8ED3-1FD2B5AA7109}.Release|x86.Build.0 = Release|Any CPU
		{A28DBE2F-329F-4C33-99B9-2661ECF72A05}.Debug|Any CPU.ActiveCfg = Debug|Any CPU
		{A28DBE2F-329F-4C33-99B9-2661ECF72A05}.Debug|Any CPU.Build.0 = Debug|Any CPU
		{A28DBE2F-329F-4C33-99B9-2661ECF72A05}.Debug|x64.ActiveCfg = Debug|Any CPU
		{A28DBE2F-329F-4C33-99B9-2661ECF72A05}.Debug|x64.Build.0 = Debug|Any CPU
		{A28DBE2F-329F-4C33-99B9-2661ECF72A05}.Debug|x86.ActiveCfg = Debug|Any CPU
		{A28DBE2F-329F-4C33-99B9-2661ECF72A05}.Debug|x86.Build.0 = Debug|Any CPU
		{A28DBE2F-329F-4C33-99B9-2661ECF72A05}.Release|Any CPU.ActiveCfg = Release|Any CPU
		{A28DBE2F-329F-4C33-99B9-2661ECF72A05}.Release|Any CPU.Build.0 = Release|Any CPU
		{A28DBE2F-329F-4C33-99B9-2661ECF72A05}.Release|x64.ActiveCfg = Release|Any CPU
		{A28DBE2F-329F-4C33-99B9-2661ECF72A05}.Release|x64.Build.0 = Release|Any CPU
		{A28DBE2F-329F-4C33-99B9-2661ECF72A05}.Release|x86.ActiveCfg = Release|Any CPU
		{A28DBE2F-329F-4C33-99B9-2661ECF72A05}.Release|x86.Build.0 = Release|Any CPU
		{73E29E2B-D565-49A9-8CF3-1DF9F45C1E5D}.Debug|Any CPU.ActiveCfg = Debug|Any CPU
		{73E29E2B-D565-49A9-8CF3-1DF9F45C1E5D}.Debug|Any CPU.Build.0 = Debug|Any CPU
		{73E29E2B-D565-49A9-8CF3-1DF9F45C1E5D}.Debug|x64.ActiveCfg = Debug|Any CPU
		{73E29E2B-D565-49A9-8CF3-1DF9F45C1E5D}.Debug|x64.Build.0 = Debug|Any CPU
		{73E29E2B-D565-49A9-8CF3-1DF9F45C1E5D}.Debug|x86.ActiveCfg = Debug|Any CPU
		{73E29E2B-D565-49A9-8CF3-1DF9F45C1E5D}.Debug|x86.Build.0 = Debug|Any CPU
		{73E29E2B-D565-49A9-8CF3-1DF9F45C1E5D}.Release|Any CPU.ActiveCfg = Release|Any CPU
		{73E29E2B-D565-49A9-8CF3-1DF9F45C1E5D}.Release|Any CPU.Build.0 = Release|Any CPU
		{73E29E2B-D565-49A9-8CF3-1DF9F45C1E5D}.Release|x64.ActiveCfg = Release|Any CPU
		{73E29E2B-D565-49A9-8CF3-1DF9F45C1E5D}.Release|x64.Build.0 = Release|Any CPU
		{73E29E2B-D565-49A9-8CF3-1DF9F45C1E5D}.Release|x86.ActiveCfg = Release|Any CPU
		{73E29E2B-D565-49A9-8CF3-1DF9F45C1E5D}.Release|x86.Build.0 = Release|Any CPU
		{D4558E96-4956-4581-B831-E0A2806C48FA}.Debug|Any CPU.ActiveCfg = Debug|Any CPU
		{D4558E96-4956-4581-B831-E0A2806C48FA}.Debug|Any CPU.Build.0 = Debug|Any CPU
		{D4558E96-4956-4581-B831-E0A2806C48FA}.Debug|x64.ActiveCfg = Debug|Any CPU
		{D4558E96-4956-4581-B831-E0A2806C48FA}.Debug|x64.Build.0 = Debug|Any CPU
		{D4558E96-4956-4581-B831-E0A2806C48FA}.Debug|x86.ActiveCfg = Debug|Any CPU
		{D4558E96-4956-4581-B831-E0A2806C48FA}.Debug|x86.Build.0 = Debug|Any CPU
		{D4558E96-4956-4581-B831-E0A2806C48FA}.Release|Any CPU.ActiveCfg = Release|Any CPU
		{D4558E96-4956-4581-B831-E0A2806C48FA}.Release|Any CPU.Build.0 = Release|Any CPU
		{D4558E96-4956-4581-B831-E0A2806C48FA}.Release|x64.ActiveCfg = Release|Any CPU
		{D4558E96-4956-4581-B831-E0A2806C48FA}.Release|x64.Build.0 = Release|Any CPU
		{D4558E96-4956-4581-B831-E0A2806C48FA}.Release|x86.ActiveCfg = Release|Any CPU
		{D4558E96-4956-4581-B831-E0A2806C48FA}.Release|x86.Build.0 = Release|Any CPU
		{150DD101-2936-413B-B625-4FB51834D011}.Debug|Any CPU.ActiveCfg = Debug|Any CPU
		{150DD101-2936-413B-B625-4FB51834D011}.Debug|Any CPU.Build.0 = Debug|Any CPU
		{150DD101-2936-413B-B625-4FB51834D011}.Debug|x64.ActiveCfg = Debug|Any CPU
		{150DD101-2936-413B-B625-4FB51834D011}.Debug|x64.Build.0 = Debug|Any CPU
		{150DD101-2936-413B-B625-4FB51834D011}.Debug|x86.ActiveCfg = Debug|Any CPU
		{150DD101-2936-413B-B625-4FB51834D011}.Debug|x86.Build.0 = Debug|Any CPU
		{150DD101-2936-413B-B625-4FB51834D011}.Release|Any CPU.ActiveCfg = Release|Any CPU
		{150DD101-2936-413B-B625-4FB51834D011}.Release|Any CPU.Build.0 = Release|Any CPU
		{150DD101-2936-413B-B625-4FB51834D011}.Release|x64.ActiveCfg = Release|Any CPU
		{150DD101-2936-413B-B625-4FB51834D011}.Release|x64.Build.0 = Release|Any CPU
		{150DD101-2936-413B-B625-4FB51834D011}.Release|x86.ActiveCfg = Release|Any CPU
		{150DD101-2936-413B-B625-4FB51834D011}.Release|x86.Build.0 = Release|Any CPU
		{2E3EFC1E-FEA5-4125-8069-963967C94413}.Debug|Any CPU.ActiveCfg = Debug|Any CPU
		{2E3EFC1E-FEA5-4125-8069-963967C94413}.Debug|Any CPU.Build.0 = Debug|Any CPU
		{2E3EFC1E-FEA5-4125-8069-963967C94413}.Debug|x64.ActiveCfg = Debug|Any CPU
		{2E3EFC1E-FEA5-4125-8069-963967C94413}.Debug|x64.Build.0 = Debug|Any CPU
		{2E3EFC1E-FEA5-4125-8069-963967C94413}.Debug|x86.ActiveCfg = Debug|Any CPU
		{2E3EFC1E-FEA5-4125-8069-963967C94413}.Debug|x86.Build.0 = Debug|Any CPU
		{2E3EFC1E-FEA5-4125-8069-963967C94413}.Release|Any CPU.ActiveCfg = Release|Any CPU
		{2E3EFC1E-FEA5-4125-8069-963967C94413}.Release|Any CPU.Build.0 = Release|Any CPU
		{2E3EFC1E-FEA5-4125-8069-963967C94413}.Release|x64.ActiveCfg = Release|Any CPU
		{2E3EFC1E-FEA5-4125-8069-963967C94413}.Release|x64.Build.0 = Release|Any CPU
		{2E3EFC1E-FEA5-4125-8069-963967C94413}.Release|x86.ActiveCfg = Release|Any CPU
		{2E3EFC1E-FEA5-4125-8069-963967C94413}.Release|x86.Build.0 = Release|Any CPU
		{163B55BF-4768-43B6-984C-A0760CA8C351}.Debug|Any CPU.ActiveCfg = Debug|Any CPU
		{163B55BF-4768-43B6-984C-A0760CA8C351}.Debug|Any CPU.Build.0 = Debug|Any CPU
		{163B55BF-4768-43B6-984C-A0760CA8C351}.Debug|x64.ActiveCfg = Debug|Any CPU
		{163B55BF-4768-43B6-984C-A0760CA8C351}.Debug|x64.Build.0 = Debug|Any CPU
		{163B55BF-4768-43B6-984C-A0760CA8C351}.Debug|x86.ActiveCfg = Debug|Any CPU
		{163B55BF-4768-43B6-984C-A0760CA8C351}.Debug|x86.Build.0 = Debug|Any CPU
		{163B55BF-4768-43B6-984C-A0760CA8C351}.Release|Any CPU.ActiveCfg = Release|Any CPU
		{163B55BF-4768-43B6-984C-A0760CA8C351}.Release|Any CPU.Build.0 = Release|Any CPU
		{163B55BF-4768-43B6-984C-A0760CA8C351}.Release|x64.ActiveCfg = Release|Any CPU
		{163B55BF-4768-43B6-984C-A0760CA8C351}.Release|x64.Build.0 = Release|Any CPU
		{163B55BF-4768-43B6-984C-A0760CA8C351}.Release|x86.ActiveCfg = Release|Any CPU
		{163B55BF-4768-43B6-984C-A0760CA8C351}.Release|x86.Build.0 = Release|Any CPU
		{98F73A8F-3732-4D67-BF6C-90E692F1BED9}.Debug|Any CPU.ActiveCfg = Debug|Any CPU
		{98F73A8F-3732-4D67-BF6C-90E692F1BED9}.Debug|Any CPU.Build.0 = Debug|Any CPU
		{98F73A8F-3732-4D67-BF6C-90E692F1BED9}.Debug|x64.ActiveCfg = Debug|Any CPU
		{98F73A8F-3732-4D67-BF6C-90E692F1BED9}.Debug|x64.Build.0 = Debug|Any CPU
		{98F73A8F-3732-4D67-BF6C-90E692F1BED9}.Debug|x86.ActiveCfg = Debug|Any CPU
		{98F73A8F-3732-4D67-BF6C-90E692F1BED9}.Debug|x86.Build.0 = Debug|Any CPU
		{98F73A8F-3732-4D67-BF6C-90E692F1BED9}.Release|Any CPU.ActiveCfg = Release|Any CPU
		{98F73A8F-3732-4D67-BF6C-90E692F1BED9}.Release|Any CPU.Build.0 = Release|Any CPU
		{98F73A8F-3732-4D67-BF6C-90E692F1BED9}.Release|x64.ActiveCfg = Release|Any CPU
		{98F73A8F-3732-4D67-BF6C-90E692F1BED9}.Release|x64.Build.0 = Release|Any CPU
		{98F73A8F-3732-4D67-BF6C-90E692F1BED9}.Release|x86.ActiveCfg = Release|Any CPU
		{98F73A8F-3732-4D67-BF6C-90E692F1BED9}.Release|x86.Build.0 = Release|Any CPU
		{1FF6ED57-ECEA-40E5-84A5-463839F008B6}.Debug|Any CPU.ActiveCfg = Debug|Any CPU
		{1FF6ED57-ECEA-40E5-84A5-463839F008B6}.Debug|Any CPU.Build.0 = Debug|Any CPU
		{1FF6ED57-ECEA-40E5-84A5-463839F008B6}.Debug|x64.ActiveCfg = Debug|Any CPU
		{1FF6ED57-ECEA-40E5-84A5-463839F008B6}.Debug|x64.Build.0 = Debug|Any CPU
		{1FF6ED57-ECEA-40E5-84A5-463839F008B6}.Debug|x86.ActiveCfg = Debug|Any CPU
		{1FF6ED57-ECEA-40E5-84A5-463839F008B6}.Debug|x86.Build.0 = Debug|Any CPU
		{1FF6ED57-ECEA-40E5-84A5-463839F008B6}.Release|Any CPU.ActiveCfg = Release|Any CPU
		{1FF6ED57-ECEA-40E5-84A5-463839F008B6}.Release|Any CPU.Build.0 = Release|Any CPU
		{1FF6ED57-ECEA-40E5-84A5-463839F008B6}.Release|x64.ActiveCfg = Release|Any CPU
		{1FF6ED57-ECEA-40E5-84A5-463839F008B6}.Release|x64.Build.0 = Release|Any CPU
		{1FF6ED57-ECEA-40E5-84A5-463839F008B6}.Release|x86.ActiveCfg = Release|Any CPU
		{1FF6ED57-ECEA-40E5-84A5-463839F008B6}.Release|x86.Build.0 = Release|Any CPU
		{65D0ED28-0C45-4858-A7D5-C2C432728278}.Debug|Any CPU.ActiveCfg = Debug|Any CPU
		{65D0ED28-0C45-4858-A7D5-C2C432728278}.Debug|Any CPU.Build.0 = Debug|Any CPU
		{65D0ED28-0C45-4858-A7D5-C2C432728278}.Debug|x64.ActiveCfg = Debug|Any CPU
		{65D0ED28-0C45-4858-A7D5-C2C432728278}.Debug|x64.Build.0 = Debug|Any CPU
		{65D0ED28-0C45-4858-A7D5-C2C432728278}.Debug|x86.ActiveCfg = Debug|Any CPU
		{65D0ED28-0C45-4858-A7D5-C2C432728278}.Debug|x86.Build.0 = Debug|Any CPU
		{65D0ED28-0C45-4858-A7D5-C2C432728278}.Release|Any CPU.ActiveCfg = Release|Any CPU
		{65D0ED28-0C45-4858-A7D5-C2C432728278}.Release|Any CPU.Build.0 = Release|Any CPU
		{65D0ED28-0C45-4858-A7D5-C2C432728278}.Release|x64.ActiveCfg = Release|Any CPU
		{65D0ED28-0C45-4858-A7D5-C2C432728278}.Release|x64.Build.0 = Release|Any CPU
		{65D0ED28-0C45-4858-A7D5-C2C432728278}.Release|x86.ActiveCfg = Release|Any CPU
		{65D0ED28-0C45-4858-A7D5-C2C432728278}.Release|x86.Build.0 = Release|Any CPU
		{DB70C285-DD3C-4EED-AADB-396464748702}.Debug|Any CPU.ActiveCfg = Debug|Any CPU
		{DB70C285-DD3C-4EED-AADB-396464748702}.Debug|Any CPU.Build.0 = Debug|Any CPU
		{DB70C285-DD3C-4EED-AADB-396464748702}.Debug|x64.ActiveCfg = Debug|Any CPU
		{DB70C285-DD3C-4EED-AADB-396464748702}.Debug|x64.Build.0 = Debug|Any CPU
		{DB70C285-DD3C-4EED-AADB-396464748702}.Debug|x86.ActiveCfg = Debug|Any CPU
		{DB70C285-DD3C-4EED-AADB-396464748702}.Debug|x86.Build.0 = Debug|Any CPU
		{DB70C285-DD3C-4EED-AADB-396464748702}.Release|Any CPU.ActiveCfg = Release|Any CPU
		{DB70C285-DD3C-4EED-AADB-396464748702}.Release|Any CPU.Build.0 = Release|Any CPU
		{DB70C285-DD3C-4EED-AADB-396464748702}.Release|x64.ActiveCfg = Release|Any CPU
		{DB70C285-DD3C-4EED-AADB-396464748702}.Release|x64.Build.0 = Release|Any CPU
		{DB70C285-DD3C-4EED-AADB-396464748702}.Release|x86.ActiveCfg = Release|Any CPU
		{DB70C285-DD3C-4EED-AADB-396464748702}.Release|x86.Build.0 = Release|Any CPU
		{771A2045-2F28-4BC5-92AC-F00918D1C392}.Debug|Any CPU.ActiveCfg = Debug|Any CPU
		{771A2045-2F28-4BC5-92AC-F00918D1C392}.Debug|Any CPU.Build.0 = Debug|Any CPU
		{771A2045-2F28-4BC5-92AC-F00918D1C392}.Debug|x64.ActiveCfg = Debug|Any CPU
		{771A2045-2F28-4BC5-92AC-F00918D1C392}.Debug|x64.Build.0 = Debug|Any CPU
		{771A2045-2F28-4BC5-92AC-F00918D1C392}.Debug|x86.ActiveCfg = Debug|Any CPU
		{771A2045-2F28-4BC5-92AC-F00918D1C392}.Debug|x86.Build.0 = Debug|Any CPU
		{771A2045-2F28-4BC5-92AC-F00918D1C392}.Release|Any CPU.ActiveCfg = Release|Any CPU
		{771A2045-2F28-4BC5-92AC-F00918D1C392}.Release|Any CPU.Build.0 = Release|Any CPU
		{771A2045-2F28-4BC5-92AC-F00918D1C392}.Release|x64.ActiveCfg = Release|Any CPU
		{771A2045-2F28-4BC5-92AC-F00918D1C392}.Release|x64.Build.0 = Release|Any CPU
		{771A2045-2F28-4BC5-92AC-F00918D1C392}.Release|x86.ActiveCfg = Release|Any CPU
		{771A2045-2F28-4BC5-92AC-F00918D1C392}.Release|x86.Build.0 = Release|Any CPU
		{05C8D2AC-00AB-4797-BBCB-0C55AA1D1937}.Debug|Any CPU.ActiveCfg = Debug|Any CPU
		{05C8D2AC-00AB-4797-BBCB-0C55AA1D1937}.Debug|Any CPU.Build.0 = Debug|Any CPU
		{05C8D2AC-00AB-4797-BBCB-0C55AA1D1937}.Debug|x64.ActiveCfg = Debug|Any CPU
		{05C8D2AC-00AB-4797-BBCB-0C55AA1D1937}.Debug|x64.Build.0 = Debug|Any CPU
		{05C8D2AC-00AB-4797-BBCB-0C55AA1D1937}.Debug|x86.ActiveCfg = Debug|Any CPU
		{05C8D2AC-00AB-4797-BBCB-0C55AA1D1937}.Debug|x86.Build.0 = Debug|Any CPU
		{05C8D2AC-00AB-4797-BBCB-0C55AA1D1937}.Release|Any CPU.ActiveCfg = Release|Any CPU
		{05C8D2AC-00AB-4797-BBCB-0C55AA1D1937}.Release|Any CPU.Build.0 = Release|Any CPU
		{05C8D2AC-00AB-4797-BBCB-0C55AA1D1937}.Release|x64.ActiveCfg = Release|Any CPU
		{05C8D2AC-00AB-4797-BBCB-0C55AA1D1937}.Release|x64.Build.0 = Release|Any CPU
		{05C8D2AC-00AB-4797-BBCB-0C55AA1D1937}.Release|x86.ActiveCfg = Release|Any CPU
		{05C8D2AC-00AB-4797-BBCB-0C55AA1D1937}.Release|x86.Build.0 = Release|Any CPU
		{7536BD4E-45EA-4E66-8360-642AF36AC67A}.Debug|Any CPU.ActiveCfg = Debug|Any CPU
		{7536BD4E-45EA-4E66-8360-642AF36AC67A}.Debug|Any CPU.Build.0 = Debug|Any CPU
		{7536BD4E-45EA-4E66-8360-642AF36AC67A}.Debug|x64.ActiveCfg = Debug|Any CPU
		{7536BD4E-45EA-4E66-8360-642AF36AC67A}.Debug|x64.Build.0 = Debug|Any CPU
		{7536BD4E-45EA-4E66-8360-642AF36AC67A}.Debug|x86.ActiveCfg = Debug|Any CPU
		{7536BD4E-45EA-4E66-8360-642AF36AC67A}.Debug|x86.Build.0 = Debug|Any CPU
		{7536BD4E-45EA-4E66-8360-642AF36AC67A}.Release|Any CPU.ActiveCfg = Release|Any CPU
		{7536BD4E-45EA-4E66-8360-642AF36AC67A}.Release|Any CPU.Build.0 = Release|Any CPU
		{7536BD4E-45EA-4E66-8360-642AF36AC67A}.Release|x64.ActiveCfg = Release|Any CPU
		{7536BD4E-45EA-4E66-8360-642AF36AC67A}.Release|x64.Build.0 = Release|Any CPU
		{7536BD4E-45EA-4E66-8360-642AF36AC67A}.Release|x86.ActiveCfg = Release|Any CPU
		{7536BD4E-45EA-4E66-8360-642AF36AC67A}.Release|x86.Build.0 = Release|Any CPU
		{B5D12256-3594-4247-B604-151A6D973F59}.Debug|Any CPU.ActiveCfg = Debug|Any CPU
		{B5D12256-3594-4247-B604-151A6D973F59}.Debug|Any CPU.Build.0 = Debug|Any CPU
		{B5D12256-3594-4247-B604-151A6D973F59}.Debug|x64.ActiveCfg = Debug|Any CPU
		{B5D12256-3594-4247-B604-151A6D973F59}.Debug|x64.Build.0 = Debug|Any CPU
		{B5D12256-3594-4247-B604-151A6D973F59}.Debug|x86.ActiveCfg = Debug|Any CPU
		{B5D12256-3594-4247-B604-151A6D973F59}.Debug|x86.Build.0 = Debug|Any CPU
		{B5D12256-3594-4247-B604-151A6D973F59}.Release|Any CPU.ActiveCfg = Release|Any CPU
		{B5D12256-3594-4247-B604-151A6D973F59}.Release|Any CPU.Build.0 = Release|Any CPU
		{B5D12256-3594-4247-B604-151A6D973F59}.Release|x64.ActiveCfg = Release|Any CPU
		{B5D12256-3594-4247-B604-151A6D973F59}.Release|x64.Build.0 = Release|Any CPU
		{B5D12256-3594-4247-B604-151A6D973F59}.Release|x86.ActiveCfg = Release|Any CPU
		{B5D12256-3594-4247-B604-151A6D973F59}.Release|x86.Build.0 = Release|Any CPU
		{F30C5230-6281-41EC-AB43-DFB5935F7AD6}.Debug|Any CPU.ActiveCfg = Debug|Any CPU
		{F30C5230-6281-41EC-AB43-DFB5935F7AD6}.Debug|Any CPU.Build.0 = Debug|Any CPU
		{F30C5230-6281-41EC-AB43-DFB5935F7AD6}.Debug|x64.ActiveCfg = Debug|Any CPU
		{F30C5230-6281-41EC-AB43-DFB5935F7AD6}.Debug|x64.Build.0 = Debug|Any CPU
		{F30C5230-6281-41EC-AB43-DFB5935F7AD6}.Debug|x86.ActiveCfg = Debug|Any CPU
		{F30C5230-6281-41EC-AB43-DFB5935F7AD6}.Debug|x86.Build.0 = Debug|Any CPU
		{F30C5230-6281-41EC-AB43-DFB5935F7AD6}.Release|Any CPU.ActiveCfg = Release|Any CPU
		{F30C5230-6281-41EC-AB43-DFB5935F7AD6}.Release|Any CPU.Build.0 = Release|Any CPU
		{F30C5230-6281-41EC-AB43-DFB5935F7AD6}.Release|x64.ActiveCfg = Release|Any CPU
		{F30C5230-6281-41EC-AB43-DFB5935F7AD6}.Release|x64.Build.0 = Release|Any CPU
		{F30C5230-6281-41EC-AB43-DFB5935F7AD6}.Release|x86.ActiveCfg = Release|Any CPU
		{F30C5230-6281-41EC-AB43-DFB5935F7AD6}.Release|x86.Build.0 = Release|Any CPU
		{409C7527-6A0E-435E-A6DB-CA0ACE1FFC0E}.Debug|Any CPU.ActiveCfg = Debug|Any CPU
		{409C7527-6A0E-435E-A6DB-CA0ACE1FFC0E}.Debug|Any CPU.Build.0 = Debug|Any CPU
		{409C7527-6A0E-435E-A6DB-CA0ACE1FFC0E}.Debug|x64.ActiveCfg = Debug|Any CPU
		{409C7527-6A0E-435E-A6DB-CA0ACE1FFC0E}.Debug|x64.Build.0 = Debug|Any CPU
		{409C7527-6A0E-435E-A6DB-CA0ACE1FFC0E}.Debug|x86.ActiveCfg = Debug|Any CPU
		{409C7527-6A0E-435E-A6DB-CA0ACE1FFC0E}.Debug|x86.Build.0 = Debug|Any CPU
		{409C7527-6A0E-435E-A6DB-CA0ACE1FFC0E}.Release|Any CPU.ActiveCfg = Release|Any CPU
		{409C7527-6A0E-435E-A6DB-CA0ACE1FFC0E}.Release|Any CPU.Build.0 = Release|Any CPU
		{409C7527-6A0E-435E-A6DB-CA0ACE1FFC0E}.Release|x64.ActiveCfg = Release|Any CPU
		{409C7527-6A0E-435E-A6DB-CA0ACE1FFC0E}.Release|x64.Build.0 = Release|Any CPU
		{409C7527-6A0E-435E-A6DB-CA0ACE1FFC0E}.Release|x86.ActiveCfg = Release|Any CPU
		{409C7527-6A0E-435E-A6DB-CA0ACE1FFC0E}.Release|x86.Build.0 = Release|Any CPU
		{0DEF0D5C-39F5-4297-8EC5-103F7F237633}.Debug|Any CPU.ActiveCfg = Debug|Any CPU
		{0DEF0D5C-39F5-4297-8EC5-103F7F237633}.Debug|Any CPU.Build.0 = Debug|Any CPU
		{0DEF0D5C-39F5-4297-8EC5-103F7F237633}.Debug|x64.ActiveCfg = Debug|Any CPU
		{0DEF0D5C-39F5-4297-8EC5-103F7F237633}.Debug|x64.Build.0 = Debug|Any CPU
		{0DEF0D5C-39F5-4297-8EC5-103F7F237633}.Debug|x86.ActiveCfg = Debug|Any CPU
		{0DEF0D5C-39F5-4297-8EC5-103F7F237633}.Debug|x86.Build.0 = Debug|Any CPU
		{0DEF0D5C-39F5-4297-8EC5-103F7F237633}.Release|Any CPU.ActiveCfg = Release|Any CPU
		{0DEF0D5C-39F5-4297-8EC5-103F7F237633}.Release|Any CPU.Build.0 = Release|Any CPU
		{0DEF0D5C-39F5-4297-8EC5-103F7F237633}.Release|x64.ActiveCfg = Release|Any CPU
		{0DEF0D5C-39F5-4297-8EC5-103F7F237633}.Release|x64.Build.0 = Release|Any CPU
		{0DEF0D5C-39F5-4297-8EC5-103F7F237633}.Release|x86.ActiveCfg = Release|Any CPU
		{0DEF0D5C-39F5-4297-8EC5-103F7F237633}.Release|x86.Build.0 = Release|Any CPU
		{C5B3E617-4135-4BAE-945A-16CB797745C7}.Debug|Any CPU.ActiveCfg = Debug|Any CPU
		{C5B3E617-4135-4BAE-945A-16CB797745C7}.Debug|Any CPU.Build.0 = Debug|Any CPU
		{C5B3E617-4135-4BAE-945A-16CB797745C7}.Debug|x64.ActiveCfg = Debug|Any CPU
		{C5B3E617-4135-4BAE-945A-16CB797745C7}.Debug|x64.Build.0 = Debug|Any CPU
		{C5B3E617-4135-4BAE-945A-16CB797745C7}.Debug|x86.ActiveCfg = Debug|Any CPU
		{C5B3E617-4135-4BAE-945A-16CB797745C7}.Debug|x86.Build.0 = Debug|Any CPU
		{C5B3E617-4135-4BAE-945A-16CB797745C7}.Release|Any CPU.ActiveCfg = Release|Any CPU
		{C5B3E617-4135-4BAE-945A-16CB797745C7}.Release|Any CPU.Build.0 = Release|Any CPU
		{C5B3E617-4135-4BAE-945A-16CB797745C7}.Release|x64.ActiveCfg = Release|Any CPU
		{C5B3E617-4135-4BAE-945A-16CB797745C7}.Release|x64.Build.0 = Release|Any CPU
		{C5B3E617-4135-4BAE-945A-16CB797745C7}.Release|x86.ActiveCfg = Release|Any CPU
		{C5B3E617-4135-4BAE-945A-16CB797745C7}.Release|x86.Build.0 = Release|Any CPU
		{BE73E14E-357E-4756-8B87-C686926B425C}.Debug|Any CPU.ActiveCfg = Debug|Any CPU
		{BE73E14E-357E-4756-8B87-C686926B425C}.Debug|Any CPU.Build.0 = Debug|Any CPU
		{BE73E14E-357E-4756-8B87-C686926B425C}.Debug|x64.ActiveCfg = Debug|Any CPU
		{BE73E14E-357E-4756-8B87-C686926B425C}.Debug|x64.Build.0 = Debug|Any CPU
		{BE73E14E-357E-4756-8B87-C686926B425C}.Debug|x86.ActiveCfg = Debug|Any CPU
		{BE73E14E-357E-4756-8B87-C686926B425C}.Debug|x86.Build.0 = Debug|Any CPU
		{BE73E14E-357E-4756-8B87-C686926B425C}.Release|Any CPU.ActiveCfg = Release|Any CPU
		{BE73E14E-357E-4756-8B87-C686926B425C}.Release|Any CPU.Build.0 = Release|Any CPU
		{BE73E14E-357E-4756-8B87-C686926B425C}.Release|x64.ActiveCfg = Release|Any CPU
		{BE73E14E-357E-4756-8B87-C686926B425C}.Release|x64.Build.0 = Release|Any CPU
		{BE73E14E-357E-4756-8B87-C686926B425C}.Release|x86.ActiveCfg = Release|Any CPU
		{BE73E14E-357E-4756-8B87-C686926B425C}.Release|x86.Build.0 = Release|Any CPU
	EndGlobalSection
	GlobalSection(SolutionProperties) = preSolution
		HideSolutionNode = FALSE
	EndGlobalSection
	GlobalSection(NestedProjects) = preSolution
		{90298CBA-BD6F-3A0A-69D5-97CAD7B05E7E} = {827E0CD3-B72D-47B6-A68D-7590B98EB39B}
		{11F68E63-D9C9-4001-B180-731BDD4B613E} = {90298CBA-BD6F-3A0A-69D5-97CAD7B05E7E}
		{71F5604C-6257-4DCC-9E07-2BE3ABC8B007} = {90298CBA-BD6F-3A0A-69D5-97CAD7B05E7E}
		{4B1A4E96-1C14-4E6D-BD99-58410C701C3A} = {90298CBA-BD6F-3A0A-69D5-97CAD7B05E7E}
		{75D9ECF7-11F3-48CE-A52A-A04F06BACCB8} = {90298CBA-BD6F-3A0A-69D5-97CAD7B05E7E}
		{EC447DCF-ABFA-6E24-52A5-D7FD48A5C558} = {827E0CD3-B72D-47B6-A68D-7590B98EB39B}
		{CFD98C11-0354-2BE4-4011-BD6AEF12219D} = {EC447DCF-ABFA-6E24-52A5-D7FD48A5C558}
		{979BF542-0BEA-4342-872A-1F4F12DCD6F5} = {CFD98C11-0354-2BE4-4011-BD6AEF12219D}
		{9F91C00A-E7F5-4B7D-8D48-05AE1EA12D93} = {CFD98C11-0354-2BE4-4011-BD6AEF12219D}
		{EDF146D7-883E-45FB-80C4-061CA111D1F0} = {CFD98C11-0354-2BE4-4011-BD6AEF12219D}
		{B17E483F-293B-4C8C-913D-915CB8DE9D88} = {CFD98C11-0354-2BE4-4011-BD6AEF12219D}
		{CB95B312-8246-4B28-898A-C5FA1870A2AA} = {827E0CD3-B72D-47B6-A68D-7590B98EB39B}
		{4C6DBA3F-7A48-483A-B631-7F1EB74774BB} = {827E0CD3-B72D-47B6-A68D-7590B98EB39B}
		{9AA3ACB1-05B3-4C4D-AE02-6477E58BAE77} = {0AB3BF05-4346-4AA6-1389-037BE0695223}
		{96DD945C-FA36-401B-BEE8-59A7C3BA2CAB} = {0AB3BF05-4346-4AA6-1389-037BE0695223}
		{C9A9B201-1A0E-42B5-BE2A-DA4898E22D3C} = {0AB3BF05-4346-4AA6-1389-037BE0695223}
		{823315CD-180E-489B-AE68-5B71BB902A6F} = {0AB3BF05-4346-4AA6-1389-037BE0695223}
		{36FF2469-7E27-417B-A720-CEA06F4476BC} = {0AB3BF05-4346-4AA6-1389-037BE0695223}
		{20CAB419-027F-A79A-EE9C-2AB83E88C722} = {EC447DCF-ABFA-6E24-52A5-D7FD48A5C558}
		{37758AE2-73C9-4B21-9C44-12EB2AF96805} = {20CAB419-027F-A79A-EE9C-2AB83E88C722}
		{8F6809C8-3BCC-4E06-B023-A1E72450EFD3} = {20CAB419-027F-A79A-EE9C-2AB83E88C722}
		{D6E444FB-2F61-4AC3-8ED3-1FD2B5AA7109} = {20CAB419-027F-A79A-EE9C-2AB83E88C722}
		{A28DBE2F-329F-4C33-99B9-2661ECF72A05} = {20CAB419-027F-A79A-EE9C-2AB83E88C722}
		{73E29E2B-D565-49A9-8CF3-1DF9F45C1E5D} = {0AB3BF05-4346-4AA6-1389-037BE0695223}
		{0EC62A1A-9858-3A60-8A0C-FC9AACFA2EC7} = {EC447DCF-ABFA-6E24-52A5-D7FD48A5C558}
		{D4558E96-4956-4581-B831-E0A2806C48FA} = {0EC62A1A-9858-3A60-8A0C-FC9AACFA2EC7}
		{150DD101-2936-413B-B625-4FB51834D011} = {0EC62A1A-9858-3A60-8A0C-FC9AACFA2EC7}
		{2E3EFC1E-FEA5-4125-8069-963967C94413} = {0EC62A1A-9858-3A60-8A0C-FC9AACFA2EC7}
		{163B55BF-4768-43B6-984C-A0760CA8C351} = {0EC62A1A-9858-3A60-8A0C-FC9AACFA2EC7}
		{98F73A8F-3732-4D67-BF6C-90E692F1BED9} = {07C2787E-EAC7-C090-1BA3-A61EC2A24D84}
		{4916611A-F746-2FDD-0D37-783F1C8BAF79} = {EC447DCF-ABFA-6E24-52A5-D7FD48A5C558}
		{1FF6ED57-ECEA-40E5-84A5-463839F008B6} = {4916611A-F746-2FDD-0D37-783F1C8BAF79}
		{65D0ED28-0C45-4858-A7D5-C2C432728278} = {4916611A-F746-2FDD-0D37-783F1C8BAF79}
		{DB70C285-DD3C-4EED-AADB-396464748702} = {4916611A-F746-2FDD-0D37-783F1C8BAF79}
		{771A2045-2F28-4BC5-92AC-F00918D1C392} = {4916611A-F746-2FDD-0D37-783F1C8BAF79}
		{CF4DACF7-C1E4-3966-D26D-5DCF436D9A5B} = {EC447DCF-ABFA-6E24-52A5-D7FD48A5C558}
		{05C8D2AC-00AB-4797-BBCB-0C55AA1D1937} = {CF4DACF7-C1E4-3966-D26D-5DCF436D9A5B}
		{7536BD4E-45EA-4E66-8360-642AF36AC67A} = {CF4DACF7-C1E4-3966-D26D-5DCF436D9A5B}
		{B5D12256-3594-4247-B604-151A6D973F59} = {CF4DACF7-C1E4-3966-D26D-5DCF436D9A5B}
		{F30C5230-6281-41EC-AB43-DFB5935F7AD6} = {CF4DACF7-C1E4-3966-D26D-5DCF436D9A5B}
		{E3B5D438-D244-E97D-D3E7-96A6D02C3987} = {EC447DCF-ABFA-6E24-52A5-D7FD48A5C558}
		{409C7527-6A0E-435E-A6DB-CA0ACE1FFC0E} = {E3B5D438-D244-E97D-D3E7-96A6D02C3987}
		{0DEF0D5C-39F5-4297-8EC5-103F7F237633} = {E3B5D438-D244-E97D-D3E7-96A6D02C3987}
		{C5B3E617-4135-4BAE-945A-16CB797745C7} = {E3B5D438-D244-E97D-D3E7-96A6D02C3987}
		{BE73E14E-357E-4756-8B87-C686926B425C} = {E3B5D438-D244-E97D-D3E7-96A6D02C3987}
	EndGlobalSection
EndGlobal
