{
  "version": 2,
  "dependencies": {
    "net10.0": {
      "AWSSDK.Core": {
        "type": "Transitive",
        "resolved": "4.0.100.8",
        "contentHash": "xnuBVLQBmYQXsDZJ9mq2UDSFZm3xgO5oUb4/UR8p0UO7tG6heDhsLLI1NzZhIVAKyfW0tXg9hn9a/ek018TOVw=="
      },
      "Microsoft.EntityFrameworkCore.Abstractions": {
        "type": "Transitive",
        "resolved": "10.0.10",
        "contentHash": "bOzrFCl6uZCjaSh2bG1ToRQRdx+iXvxosCg9hFyG9OWeAzOFI4xev9OqKeWfKf/kAHyox2JnbcvLVf2ceA7sqA=="
      },
      "Microsoft.EntityFrameworkCore.Analyzers": {
        "type": "Transitive",
        "resolved": "10.0.10",
        "contentHash": "2gLDordUCGf3aNOOuqtTbP5mxhiP9nk6TnvGiE3RnqT891O+Zf/qKu1PIREubs1M16A0SImr4vULBfU5BTDs1Q=="
      },
      "NetTopologySuite.IO.PostGis": {
        "type": "Transitive",
        "resolved": "2.1.0",
        "contentHash": "3W8XTFz8iP6GQ5jDXK1/LANHiU+988k1kmmuPWNKcJLpmSg6CvFpbTpz+s4+LBzkAp64wHGOldSlkSuzYfrIKA==",
        "dependencies": {
          "NetTopologySuite": "[2.0.0, 3.0.0-A)"
        }
      },
      "Npgsql.NetTopologySuite": {
        "type": "Transitive",
        "resolved": "10.0.3",
        "contentHash": "roOLWX0vokdN5cdRAwOfCWqhGFztsj2PYcvmFsPBoaSdwkboSkviaOu6hxjcX/+xAKUWUS4Al6VmwNlRQzun4g==",
        "dependencies": {
          "NetTopologySuite": "2.6.0",
          "NetTopologySuite.IO.PostGIS": "2.1.0",
          "Npgsql": "10.0.3"
        }
      },
      "custody.application": {
        "type": "Project",
        "dependencies": {
          "Custody.Domain": "[1.0.0, )",
          "Paqueteria.Application": "[1.0.0, )"
        }
      },
      "custody.domain": {
        "type": "Project",
        "dependencies": {
          "Paqueteria.Domain": "[1.0.0, )"
        }
      },
      "custody.infrastructure": {
        "type": "Project",
        "dependencies": {
          "AWSSDK.S3": "[4.0.101.4, )",
          "Custody.Application": "[1.0.0, )",
          "Custody.Domain": "[1.0.0, )",
          "Npgsql.EntityFrameworkCore.PostgreSQL": "[10.0.3, )",
          "Npgsql.EntityFrameworkCore.PostgreSQL.NetTopologySuite": "[10.0.3, )",
          "Paqueteria.Application": "[1.0.0, )",
          "Paqueteria.Infrastructure": "[1.0.0, )"
        }
      },
      "drivers.application": {
        "type": "Project",
        "dependencies": {
          "Drivers.Domain": "[1.0.0, )",
          "Paqueteria.Application": "[1.0.0, )"
        }
      },
      "drivers.domain": {
        "type": "Project",
        "dependencies": {
          "Paqueteria.Domain": "[1.0.0, )"
        }
      },
      "identity.application": {
        "type": "Project",
        "dependencies": {
          "Identity.Domain": "[1.0.0, )",
          "Paqueteria.Application": "[1.0.0, )",
          "Paqueteria.Domain": "[1.0.0, )"
        }
      },
      "identity.domain": {
        "type": "Project",
        "dependencies": {
          "Paqueteria.Domain": "[1.0.0, )"
        }
      },
      "identity.infrastructure": {
        "type": "Project",
        "dependencies": {
          "Identity.Application": "[1.0.0, )",
          "Identity.Domain": "[1.0.0, )",
          "Npgsql.EntityFrameworkCore.PostgreSQL": "[10.0.3, )",
          "Paqueteria.Application": "[1.0.0, )",
          "Paqueteria.Domain": "[1.0.0, )",
          "Paqueteria.Infrastructure": "[1.0.0, )"
        }
      },
      "locations.application": {
        "type": "Project",
        "dependencies": {
          "Locations.Domain": "[1.0.0, )",
          "Paqueteria.Application": "[1.0.0, )",
          "Paqueteria.Domain": "[1.0.0, )"
        }
      },
      "locations.domain": {
        "type": "Project",
        "dependencies": {
          "NetTopologySuite": "[2.6.0, )",
          "Paqueteria.Domain": "[1.0.0, )"
        }
      },
      "notifications.application": {
        "type": "Project",
        "dependencies": {
          "Identity.Application": "[1.0.0, )",
          "Notifications.Domain": "[1.0.0, )",
          "Organizations.Application": "[1.0.0, )",
          "Paqueteria.Application": "[1.0.0, )"
        }
      },
      "notifications.domain": {
        "type": "Project",
        "dependencies": {
          "Paqueteria.Domain": "[1.0.0, )"
        }
      },
      "notifications.infrastructure": {
        "type": "Project",
        "dependencies": {
          "Identity.Application": "[1.0.0, )",
          "Notifications.Application": "[1.0.0, )",
          "Notifications.Domain": "[1.0.0, )",
          "Npgsql.EntityFrameworkCore.PostgreSQL": "[10.0.3, )",
          "Organizations.Application": "[1.0.0, )",
          "Paqueteria.Application": "[1.0.0, )",
          "Paqueteria.Infrastructure": "[1.0.0, )"
        }
      },
      "orders.application": {
        "type": "Project",
        "dependencies": {
          "Orders.Domain": "[1.0.0, )",
          "Paqueteria.Application": "[1.0.0, )",
          "Paqueteria.Contracts": "[1.0.0, )"
        }
      },
      "orders.domain": {
        "type": "Project",
        "dependencies": {
          "Paqueteria.Domain": "[1.0.0, )"
        }
      },
      "orders.infrastructure": {
        "type": "Project",
        "dependencies": {
          "Drivers.Application": "[1.0.0, )",
          "Npgsql.EntityFrameworkCore.PostgreSQL": "[10.0.3, )",
          "Orders.Application": "[1.0.0, )",
          "Orders.Domain": "[1.0.0, )",
          "Paqueteria.Application": "[1.0.0, )",
          "Paqueteria.Contracts": "[1.0.0, )",
          "Paqueteria.Infrastructure": "[1.0.0, )"
        }
      },
      "organizations.application": {
        "type": "Project",
        "dependencies": {
          "Organizations.Domain": "[1.0.0, )",
          "Paqueteria.Application": "[1.0.0, )",
          "Paqueteria.Domain": "[1.0.0, )"
        }
      },
      "organizations.domain": {
        "type": "Project",
        "dependencies": {
          "Paqueteria.Domain": "[1.0.0, )"
        }
      },
      "organizations.infrastructure": {
        "type": "Project",
        "dependencies": {
          "Npgsql.EntityFrameworkCore.PostgreSQL": "[10.0.3, )",
          "Organizations.Application": "[1.0.0, )",
          "Organizations.Domain": "[1.0.0, )",
          "Paqueteria.Application": "[1.0.0, )",
          "Paqueteria.Domain": "[1.0.0, )",
          "Paqueteria.Infrastructure": "[1.0.0, )"
        }
      },
      "paqueteria.application": {
        "type": "Project",
        "dependencies": {
          "Paqueteria.Contracts": "[1.0.0, )",
          "Paqueteria.Domain": "[1.0.0, )"
        }
      },
      "paqueteria.contracts": {
        "type": "Project"
      },
      "paqueteria.domain": {
        "type": "Project"
      },
      "paqueteria.infrastructure": {
        "type": "Project",
        "dependencies": {
          "Microsoft.EntityFrameworkCore": "[10.0.10, )",
          "Microsoft.EntityFrameworkCore.Relational": "[10.0.10, )",
          "Npgsql": "[10.0.3, )",
          "Npgsql.EntityFrameworkCore.PostgreSQL": "[10.0.3, )",
          "Paqueteria.Application": "[1.0.0, )",
          "Paqueteria.Domain": "[1.0.0, )"
        }
      },
      "pricing.application": {
        "type": "Project",
        "dependencies": {
          "Paqueteria.Application": "[1.0.0, )",
          "Pricing.Domain": "[1.0.0, )"
        }
      },
      "pricing.domain": {
        "type": "Project",
        "dependencies": {
          "Paqueteria.Domain": "[1.0.0, )"
        }
      },
      "pricing.infrastructure": {
        "type": "Project",
        "dependencies": {
          "Locations.Application": "[1.0.0, )",
          "Npgsql.EntityFrameworkCore.PostgreSQL": "[10.0.3, )",
          "Paqueteria.Application": "[1.0.0, )",
          "Paqueteria.Infrastructure": "[1.0.0, )",
          "Pricing.Application": "[1.0.0, )",
          "Pricing.Domain": "[1.0.0, )"
        }
      },
      "AWSSDK.S3": {
        "type": "CentralTransitive",
        "requested": "[4.0.101.4, )",
        "resolved": "4.0.101.4",
        "contentHash": "TYFuatWECzCbj/Lu1SsANucgpU/Br5YJ5Padl3YEdNJGfZqAcx3QemJw2BUopAsYTJ3e7TFpWhpNWha3dB9/dw==",
        "dependencies": {
          "AWSSDK.Core": "[4.0.100.8, 5.0.0)"
        }
      },
      "Microsoft.EntityFrameworkCore": {
        "type": "CentralTransitive",
        "requested": "[10.0.10, )",
        "resolved": "10.0.10",
        "contentHash": "a0V7zj/VbYP6dTdWpUgE/r2PuLKtUGe2aJ0lVKkn/wP9ZhaxUz2kQydVfvOjCv2SKxlrqdBfHhPD4Cvlf+4ffA==",
        "dependencies": {
          "Microsoft.EntityFrameworkCore.Abstractions": "10.0.10",
          "Microsoft.EntityFrameworkCore.Analyzers": "10.0.10"
        }
      },
      "Microsoft.EntityFrameworkCore.Relational": {
        "type": "CentralTransitive",
        "requested": "[10.0.10, )",
        "resolved": "10.0.10",
        "contentHash": "wNonj40aZxia+GtuBiiD6ZqVh4h6y5Nje1bGdmzZ8/ui0QRsAN+S0SIrLHFCEGbG9cDbeaE40sh+Lr7o9rRs6g==",
        "dependencies": {
          "Microsoft.EntityFrameworkCore": "10.0.10"
        }
      },
      "NetTopologySuite": {
        "type": "CentralTransitive",
        "requested": "[2.6.0, )",
        "resolved": "2.6.0",
        "contentHash": "1B1OTacTd4QtFyBeuIOcThwSSLUdRZU3bSFIwM8vk36XiZlBMi3K36u74e4OqwwHRHUuJC1PhbDx4hyI266X1Q=="
      },
      "Npgsql": {
        "type": "CentralTransitive",
        "requested": "[10.0.3, )",
        "resolved": "10.0.3",
        "contentHash": "7nb5YzXuvWWJxB0J8DiyL3we+X4FOctZrt0fIBnucOIaIevFEEwGQVZKtiu9olXdlNAK1eNgqSral6r/jlhI4w=="
      },
      "Npgsql.EntityFrameworkCore.PostgreSQL": {
        "type": "CentralTransitive",
        "requested": "[10.0.3, )",
        "resolved": "10.0.3",
        "contentHash": "IPGrrZnRkuW7OlHDhUESZz4G5DLkW7Nej/O3Cx+0iTsgyU5XJxBgpsvTHLloo3WWuAKKbDHXBvWPVkX1deRh1Q==",
        "dependencies": {
          "Microsoft.EntityFrameworkCore": "[10.0.4, 11.0.0)",
          "Microsoft.EntityFrameworkCore.Relational": "[10.0.4, 11.0.0)",
          "Npgsql": "10.0.3"
        }
      },
      "Npgsql.EntityFrameworkCore.PostgreSQL.NetTopologySuite": {
        "type": "CentralTransitive",
        "requested": "[10.0.3, )",
        "resolved": "10.0.3",
        "contentHash": "t0cNHEzU1rCHLbuBa1e2r+H7X/2XQ2pF32iKk4JpMKN5r21FSikQ2WGyZf/artiGAFd2rkjaddYGZat3Kp6Apg==",
        "dependencies": {
          "Npgsql.EntityFrameworkCore.PostgreSQL": "10.0.3",
          "Npgsql.NetTopologySuite": "10.0.3"
        }
      }
    }
  }
}