{
  "version": 2,
  "dependencies": {
    "net10.0": {
      "identity.application": {
        "type": "Project",
        "dependencies": {
          "Identity.Domain": "[1.0.0, )",
          "Paqueteria.Application": "[1.0.0, )",
          "Paqueteria.Domain": "[1.0.0, )"
        }
      },
      "identity.domain": {
        "type": "Project",
        "dependencies": {
          "Paqueteria.Domain": "[1.0.0, )"
        }
      },
      "paqueteria.application": {
        "type": "Project",
        "dependencies": {
          "Paqueteria.Contracts": "[1.0.0, )",
          "Paqueteria.Domain": "[1.0.0, )"
        }
      },
      "paqueteria.contracts": {
        "type": "Project"
      },
      "paqueteria.domain": {
        "type": "Project"
      },
      "realtime.application": {
        "type": "Project",
        "dependencies": {
          "Paqueteria.Application": "[1.0.0, )",
          "Paqueteria.Domain": "[1.0.0, )",
          "Realtime.Domain": "[1.0.0, )"
        }
      },
      "realtime.domain": {
        "type": "Project",
        "dependencies": {
          "Paqueteria.Domain": "[1.0.0, )"
        }
      }
    }
  }
}